
Microsoft Visual Studio Solution File, Format Version 12.00
# Visual Studio 15
Project("{FAE04EC0-301F-11D3-BF4B-00C04F79EFBC}") = "UnityEngine.UI", "UnityEngine.UI.csproj", "{5E1D3F05-5ED4-FD8D-FEBC-F08C29DC42FC}"
EndProject
Project("{FAE04EC0-301F-11D3-BF4B-00C04F79EFBC}") = "Unity.RenderPipelines.Core.Runtime", "Unity.RenderPipelines.Core.Runtime.csproj", "{FF76807E-C4F2-C784-18FD-40A4C5A7BB17}"
EndProject
Project("{FAE04EC0-301F-11D3-BF4B-00C04F79EFBC}") = "UnityEngine.TestRunner", "UnityEngine.TestRunner.csproj", "{802FB187-D170-D3CA-11C3-88C0ADD28580}"
EndProject
Project("{FAE04EC0-301F-11D3-BF4B-00C04F79EFBC}") = "Unity.VisualScripting.Flow", "Unity.VisualScripting.Flow.csproj", "{7C41F261-09A3-D91C-7037-C5B4F01F28A8}"
EndProject
Project("{FAE04EC0-301F-11D3-BF4B-00C04F79EFBC}") = "Unity.Mathematics", "Unity.Mathematics.csproj", "{F7F8B132-AAE4-D918-6203-9970A53B9DF0}"
EndProject
Project("{FAE04EC0-301F-11D3-BF4B-00C04F79EFBC}") = "Unity.Services.Core.Telemetry", "Unity.Services.Core.Telemetry.csproj", "{664769AE-246C-E980-5B53-74CA3789E2B4}"
EndProject
Project("{FAE04EC0-301F-11D3-BF4B-00C04F79EFBC}") = "Assembly-CSharp", "Assembly-CSharp.csproj", "{B0C0E2A6-4A2C-8EA1-6A54-46081A5793C6}"
EndProject
Project("{FAE04EC0-301F-11D3-BF4B-00C04F79EFBC}") = "Unity.VisualScripting.State", "Unity.VisualScripting.State.csproj", "{AEF7C864-5D03-5FF9-1435-311D0E9046C2}"
EndProject
Project("{FAE04EC0-301F-11D3-BF4B-00C04F79EFBC}") = "Unity.VisualScripting.Core", "Unity.VisualScripting.Core.csproj", "{5F25FCF9-C36D-54DC-27AF-75227F9CF0A2}"
EndProject
Project("{FAE04EC0-301F-11D3-BF4B-00C04F79EFBC}") = "Unity.RenderPipelines.Universal.Runtime", "Unity.RenderPipelines.Universal.Runtime.csproj", "{8C60F1DD-5D16-861C-82EA-B2721654E52A}"
EndProject
Project("{FAE04EC0-301F-11D3-BF4B-00C04F79EFBC}") = "Unity.Services.Core.Environments.Internal", "Unity.Services.Core.Environments.Internal.csproj", "{0CCA9F89-2941-00D0-20AA-5357DDA48BFD}"
EndProject
Project("{FAE04EC0-301F-11D3-BF4B-00C04F79EFBC}") = "Unity.Burst", "Unity.Burst.csproj", "{D6F2F559-372E-1CDD-A1EA-7EFE5F9A520C}"
EndProject
Project("{FAE04EC0-301F-11D3-BF4B-00C04F79EFBC}") = "Unity.2D.Animation.Runtime", "Unity.2D.Animation.Runtime.csproj", "{ED94845B-C337-5F5A-C481-1FA6D3F4F423}"
EndProject
Project("{FAE04EC0-301F-11D3-BF4B-00C04F79EFBC}") = "Unity.TextMeshPro", "Unity.TextMeshPro.csproj", "{EF4511AE-73D8-096B-FF5E-46D296522B0C}"
EndProject
Project("{FAE04EC0-301F-11D3-BF4B-00C04F79EFBC}") = "Unity.Timeline", "Unity.Timeline.csproj", "{E295EB34-E048-914B-9ACA-BB48AD67186C}"
EndProject
Project("{FAE04EC0-301F-11D3-BF4B-00C04F79EFBC}") = "Unity.Services.Core", "Unity.Services.Core.csproj", "{D27D01BF-A4DD-9537-5E7B-2E54145DCB33}"
EndProject
Project("{FAE04EC0-301F-11D3-BF4B-00C04F79EFBC}") = "Unity.RenderPipeline.Universal.ShaderLibrary", "Unity.RenderPipeline.Universal.ShaderLibrary.csproj", "{F937A6DC-CE07-B70D-213E-F24A2D8B2914}"
EndProject
Project("{FAE04EC0-301F-11D3-BF4B-00C04F79EFBC}") = "Unity.Services.Core.Environments", "Unity.Services.Core.Environments.csproj", "{B25DAB7E-42FC-5DF0-612B-A4DD52C11E69}"
EndProject
Project("{FAE04EC0-301F-11D3-BF4B-00C04F79EFBC}") = "Unity.Services.Core.Internal", "Unity.Services.Core.Internal.csproj", "{3EC2C311-8456-6AC5-80B0-F0053B70A81E}"
EndProject
Project("{FAE04EC0-301F-11D3-BF4B-00C04F79EFBC}") = "Unity.Services.Core.Analytics", "Unity.Services.Core.Analytics.csproj", "{1422F90F-C89A-32BA-C5AB-6CD6E8BB528E}"
EndProject
Project("{FAE04EC0-301F-11D3-BF4B-00C04F79EFBC}") = "Unity.2D.SpriteShape.Runtime", "Unity.2D.SpriteShape.Runtime.csproj", "{E9DBCF93-1B41-0519-B234-100B5AE4128E}"
EndProject
Project("{FAE04EC0-301F-11D3-BF4B-00C04F79EFBC}") = "Unity.Services.Core.Scheduler", "Unity.Services.Core.Scheduler.csproj", "{7383C51E-CD67-6A80-4BAA-3FBF7F6CAD8D}"
EndProject
Project("{FAE04EC0-301F-11D3-BF4B-00C04F79EFBC}") = "Unity.Services.Core.Registration", "Unity.Services.Core.Registration.csproj", "{C5982321-2DF5-7730-1C3A-814FD3393670}"
EndProject
Project("{FAE04EC0-301F-11D3-BF4B-00C04F79EFBC}") = "Unity.2D.PixelPerfect", "Unity.2D.PixelPerfect.csproj", "{ACD48C9E-FB8E-9D2E-5515-067CA4586FA1}"
EndProject
Project("{FAE04EC0-301F-11D3-BF4B-00C04F79EFBC}") = "Unity.2D.Common.Runtime", "Unity.2D.Common.Runtime.csproj", "{A16A8D2D-5F1C-D460-D66C-9A0523ED2FDC}"
EndProject
Project("{FAE04EC0-301F-11D3-BF4B-00C04F79EFBC}") = "Unity.2D.IK.Runtime", "Unity.2D.IK.Runtime.csproj", "{E39FF95C-D082-3A5E-4A42-62B79A72C14C}"
EndProject
Project("{FAE04EC0-301F-11D3-BF4B-00C04F79EFBC}") = "Unity.Services.Core.Device", "Unity.Services.Core.Device.csproj", "{06196FCD-4B9A-D1DB-7959-F9D7EAD2E6E7}"
EndProject
Project("{FAE04EC0-301F-11D3-BF4B-00C04F79EFBC}") = "Unity.Services.Core.Threading", "Unity.Services.Core.Threading.csproj", "{0CED0F0F-C0B2-DF96-32E3-4B21693E64CE}"
EndProject
Project("{FAE04EC0-301F-11D3-BF4B-00C04F79EFBC}") = "Unity.2D.Tilemap.Extras", "Unity.2D.Tilemap.Extras.csproj", "{76BA9B91-7E59-A3C8-4515-17FB7D8AB1D2}"
EndProject
Project("{FAE04EC0-301F-11D3-BF4B-00C04F79EFBC}") = "Unity.Services.Core.Networking", "Unity.Services.Core.Networking.csproj", "{26CE4985-BCD3-D534-32D9-C4BD1097F947}"
EndProject
Project("{FAE04EC0-301F-11D3-BF4B-00C04F79EFBC}") = "Unity.RenderPipelines.Core.ShaderLibrary", "Unity.RenderPipelines.Core.ShaderLibrary.csproj", "{E88A0E0D-2475-4084-0EDE-3D650A47F356}"
EndProject
Project("{FAE04EC0-301F-11D3-BF4B-00C04F79EFBC}") = "Unity.InternalAPIEngineBridge.001", "Unity.InternalAPIEngineBridge.001.csproj", "{D20B9540-1229-A058-739F-4AA4CE0BB5E4}"
EndProject
Project("{FAE04EC0-301F-11D3-BF4B-00C04F79EFBC}") = "Unity.Services.Core.Configuration", "Unity.Services.Core.Configuration.csproj", "{78736A25-54C9-1A6C-9FCB-3B0C763ED9C2}"
EndProject
Project("{FAE04EC0-301F-11D3-BF4B-00C04F79EFBC}") = "Unity.RenderPipelines.Universal.Shaders", "Unity.RenderPipelines.Universal.Shaders.csproj", "{78CD39A1-805E-FC4E-FC1A-D02E976872D8}"
EndProject
Project("{FAE04EC0-301F-11D3-BF4B-00C04F79EFBC}") = "Unity.RenderPipelines.ShaderGraph.ShaderGraphLibrary", "Unity.RenderPipelines.ShaderGraph.ShaderGraphLibrary.csproj", "{6384ED36-6603-E140-8094-E38FE1B1C4CB}"
EndProject
Project("{FAE04EC0-301F-11D3-BF4B-00C04F79EFBC}") = "Unity.PlasticSCM.Editor", "Unity.PlasticSCM.Editor.csproj", "{1536138C-5ED1-DE52-B0F8-812D67A21477}"
EndProject
Project("{FAE04EC0-301F-11D3-BF4B-00C04F79EFBC}") = "Unity.VisualScripting.Core.Editor", "Unity.VisualScripting.Core.Editor.csproj", "{3449000C-DF57-24D6-6795-2FAFCD6FD244}"
EndProject
Project("{FAE04EC0-301F-11D3-BF4B-00C04F79EFBC}") = "Unity.VisualScripting.Flow.Editor", "Unity.VisualScripting.Flow.Editor.csproj", "{D917F724-7DC4-39F9-8385-B1D1DF01F7E2}"
EndProject
Project("{FAE04EC0-301F-11D3-BF4B-00C04F79EFBC}") = "Unity.ShaderGraph.Editor", "Unity.ShaderGraph.Editor.csproj", "{BE5F8963-91B3-02ED-0639-B8378E28DB61}"
EndProject
Project("{FAE04EC0-301F-11D3-BF4B-00C04F79EFBC}") = "Unity.VisualStudio.Editor", "Unity.VisualStudio.Editor.csproj", "{93187FA3-2B16-6A85-444F-9A5E8538D6D6}"
EndProject
Project("{FAE04EC0-301F-11D3-BF4B-00C04F79EFBC}") = "Unity.Timeline.Editor", "Unity.Timeline.Editor.csproj", "{377EA788-E4A6-10BF-4F87-C82402DAD57B}"
EndProject
Project("{FAE04EC0-301F-11D3-BF4B-00C04F79EFBC}") = "Unity.RenderPipelines.Universal.Editor", "Unity.RenderPipelines.Universal.Editor.csproj", "{06C4C3CE-3FAD-2A7D-146C-6FAEBBD2CAA7}"
EndProject
Project("{FAE04EC0-301F-11D3-BF4B-00C04F79EFBC}") = "Unity.VisualScripting.State.Editor", "Unity.VisualScripting.State.Editor.csproj", "{BA302382-061F-3660-359B-E27D8AF6A66E}"
EndProject
Project("{FAE04EC0-301F-11D3-BF4B-00C04F79EFBC}") = "Unity.TextMeshPro.Editor", "Unity.TextMeshPro.Editor.csproj", "{592A5B95-F07B-6068-F842-8C1DD3EF44BA}"
EndProject
Project("{FAE04EC0-301F-11D3-BF4B-00C04F79EFBC}") = "Unity.2D.PixelPerfect.Editor", "Unity.2D.PixelPerfect.Editor.csproj", "{1ABD9D89-5208-2F68-5579-A481FA55F537}"
EndProject
Project("{FAE04EC0-301F-11D3-BF4B-00C04F79EFBC}") = "Unity.RenderPipelines.Core.Editor", "Unity.RenderPipelines.Core.Editor.csproj", "{DF1E450D-89F6-3FF2-EAE3-CF3BDD351AC5}"
EndProject
Project("{FAE04EC0-301F-11D3-BF4B-00C04F79EFBC}") = "Unity.2D.Animation.Editor", "Unity.2D.Animation.Editor.csproj", "{68976E3D-7F2A-7CF8-1F83-C8AEE11DD9C0}"
EndProject
Project("{FAE04EC0-301F-11D3-BF4B-00C04F79EFBC}") = "Unity.VisualScripting.SettingsProvider.Editor", "Unity.VisualScripting.SettingsProvider.Editor.csproj", "{67A9F573-FF24-3083-45F6-BB8900F6F416}"
EndProject
Project("{FAE04EC0-301F-11D3-BF4B-00C04F79EFBC}") = "Unity.CollabProxy.Editor", "Unity.CollabProxy.Editor.csproj", "{BAA1DE17-15E4-CC4D-5D86-537B81923558}"
EndProject
Project("{FAE04EC0-301F-11D3-BF4B-00C04F79EFBC}") = "UnityEditor.TestRunner", "UnityEditor.TestRunner.csproj", "{A8EC3202-3E20-FACA-3B14-998FA805D22C}"
EndProject
Project("{FAE04EC0-301F-11D3-BF4B-00C04F79EFBC}") = "Unity.Services.Core.Editor", "Unity.Services.Core.Editor.csproj", "{032AC796-E81A-DBD8-8E31-15B9E05D389B}"
EndProject
Project("{FAE04EC0-301F-11D3-BF4B-00C04F79EFBC}") = "Unity.2D.Tilemap.Editor", "Unity.2D.Tilemap.Editor.csproj", "{4F7233AB-4A14-D3B8-374F-E4D736E23691}"
EndProject
Project("{FAE04EC0-301F-11D3-BF4B-00C04F79EFBC}") = "Unity.Rider.Editor", "Unity.Rider.Editor.csproj", "{DCAFB056-E55D-1908-FACA-9FB6B0145B7C}"
EndProject
Project("{FAE04EC0-301F-11D3-BF4B-00C04F79EFBC}") = "Unity.2D.Path.Editor", "Unity.2D.Path.Editor.csproj", "{8375D66D-581C-F080-763C-154BB09D7F92}"
EndProject
Project("{FAE04EC0-301F-11D3-BF4B-00C04F79EFBC}") = "PsdPlugin", "PsdPlugin.csproj", "{0F233255-C380-29C9-2967-934454278F68}"
EndProject
Project("{FAE04EC0-301F-11D3-BF4B-00C04F79EFBC}") = "Unity.Searcher.Editor", "Unity.Searcher.Editor.csproj", "{CFBE0C03-B1A1-0907-E0FD-EFDCEF7D5E84}"
EndProject
Project("{FAE04EC0-301F-11D3-BF4B-00C04F79EFBC}") = "Unity.2D.IK.Editor", "Unity.2D.IK.Editor.csproj", "{B75F6121-C6B5-5289-BC81-C33320D3CB91}"
EndProject
Project("{FAE04EC0-301F-11D3-BF4B-00C04F79EFBC}") = "Unity.2D.SpriteShape.Editor", "Unity.2D.SpriteShape.Editor.csproj", "{D96E159F-8ECE-A65A-EDE8-BACA6F739559}"
EndProject
Project("{FAE04EC0-301F-11D3-BF4B-00C04F79EFBC}") = "Unity.2D.Psdimporter.Editor", "Unity.2D.Psdimporter.Editor.csproj", "{524EE938-5C8F-D14A-EE57-D65D3B170F08}"
EndProject
Project("{FAE04EC0-301F-11D3-BF4B-00C04F79EFBC}") = "Unity.Burst.CodeGen", "Unity.Burst.CodeGen.csproj", "{20B5D78D-4B04-2F05-6B08-71ABA47A98A4}"
EndProject
Project("{FAE04EC0-301F-11D3-BF4B-00C04F79EFBC}") = "Unity.VSCode.Editor", "Unity.VSCode.Editor.csproj", "{32148ACB-C005-3359-CF22-4D5CD2EF6813}"
EndProject
Project("{FAE04EC0-301F-11D3-BF4B-00C04F79EFBC}") = "Unity.2D.Sprite.Editor", "Unity.2D.Sprite.Editor.csproj", "{EDF0555B-195B-23A5-7C28-3529486010DF}"
EndProject
Project("{FAE04EC0-301F-11D3-BF4B-00C04F79EFBC}") = "UnityEditor.UI", "UnityEditor.UI.csproj", "{0D602983-FE3F-B79C-50C9-96741CFEEC03}"
EndProject
Project("{FAE04EC0-301F-11D3-BF4B-00C04F79EFBC}") = "PPv2URPConverters", "PPv2URPConverters.csproj", "{03EBF508-0CC2-D9DF-0C1E-6D0448D78FD8}"
EndProject
Project("{FAE04EC0-301F-11D3-BF4B-00C04F79EFBC}") = "Unity.2D.Common.Editor", "Unity.2D.Common.Editor.csproj", "{0B2B0676-0118-A147-373C-813CFA7B1655}"
EndProject
Project("{FAE04EC0-301F-11D3-BF4B-00C04F79EFBC}") = "Unity.Mathematics.Editor", "Unity.Mathematics.Editor.csproj", "{BE2D9E54-9564-E79E-AF32-81597DEB74A8}"
EndProject
Project("{FAE04EC0-301F-11D3-BF4B-00C04F79EFBC}") = "Unity.Services.Core.Configuration.Editor", "Unity.Services.Core.Configuration.Editor.csproj", "{C573372B-0DEF-30A2-6AFA-479648A3A042}"
EndProject
Project("{FAE04EC0-301F-11D3-BF4B-00C04F79EFBC}") = "Unity.2D.Tilemap.Extras.Editor", "Unity.2D.Tilemap.Extras.Editor.csproj", "{8083050A-9805-3958-276E-8937047C284B}"
EndProject
Project("{FAE04EC0-301F-11D3-BF4B-00C04F79EFBC}") = "Unity.Burst.Editor", "Unity.Burst.Editor.csproj", "{D3420A9F-CCA2-8ACB-A56B-66AC918441FC}"
EndProject
Project("{FAE04EC0-301F-11D3-BF4B-00C04F79EFBC}") = "Unity.InternalAPIEditorBridge.001", "Unity.InternalAPIEditorBridge.001.csproj", "{BF4EA4D6-EA92-49F6-5C54-5A50DF4D21B1}"
EndProject
Project("{FAE04EC0-301F-11D3-BF4B-00C04F79EFBC}") = "Unity.ShaderGraph.Utilities", "Unity.ShaderGraph.Utilities.csproj", "{7E3AFE51-E3A0-133E-804A-27461B878AA1}"
EndProject
Project("{FAE04EC0-301F-11D3-BF4B-00C04F79EFBC}") = "Unity.VisualScripting.Shared.Editor", "Unity.VisualScripting.Shared.Editor.csproj", "{09964C09-76B7-8ACF-8D99-598139DC2D07}"
EndProject
Project("{FAE04EC0-301F-11D3-BF4B-00C04F79EFBC}") = "Assembly-CSharp-Editor", "Assembly-CSharp-Editor.csproj", "{CC52E647-F45E-751A-87BA-B5AD35F053B8}"
EndProject
Global
	GlobalSection(SolutionConfigurationPlatforms) = preSolution
		Debug|Any CPU = Debug|Any CPU
		Release|Any CPU = Release|Any CPU
	EndGlobalSection
	GlobalSection(ProjectConfigurationPlatforms) = postSolution
		{5E1D3F05-5ED4-FD8D-FEBC-F08C29DC42FC}.Debug|Any CPU.ActiveCfg = Debug|Any CPU
		{5E1D3F05-5ED4-FD8D-FEBC-F08C29DC42FC}.Debug|Any CPU.Build.0 = Debug|Any CPU
		{5E1D3F05-5ED4-FD8D-FEBC-F08C29DC42FC}.Release|Any CPU.ActiveCfg = Release|Any CPU
		{5E1D3F05-5ED4-FD8D-FEBC-F08C29DC42FC}.Release|Any CPU.Build.0 = Release|Any CPU
		{FF76807E-C4F2-C784-18FD-40A4C5A7BB17}.Debug|Any CPU.ActiveCfg = Debug|Any CPU
		{FF76807E-C4F2-C784-18FD-40A4C5A7BB17}.Debug|Any CPU.Build.0 = Debug|Any CPU
		{FF76807E-C4F2-C784-18FD-40A4C5A7BB17}.Release|Any CPU.ActiveCfg = Release|Any CPU
		{FF76807E-C4F2-C784-18FD-40A4C5A7BB17}.Release|Any CPU.Build.0 = Release|Any CPU
		{802FB187-D170-D3CA-11C3-88C0ADD28580}.Debug|Any CPU.ActiveCfg = Debug|Any CPU
		{802FB187-D170-D3CA-11C3-88C0ADD28580}.Debug|Any CPU.Build.0 = Debug|Any CPU
		{802FB187-D170-D3CA-11C3-88C0ADD28580}.Release|Any CPU.ActiveCfg = Release|Any CPU
		{802FB187-D170-D3CA-11C3-88C0ADD28580}.Release|Any CPU.Build.0 = Release|Any CPU
		{7C41F261-09A3-D91C-7037-C5B4F01F28A8}.Debug|Any CPU.ActiveCfg = Debug|Any CPU
		{7C41F261-09A3-D91C-7037-C5B4F01F28A8}.Debug|Any CPU.Build.0 = Debug|Any CPU
		{7C41F261-09A3-D91C-7037-C5B4F01F28A8}.Release|Any CPU.ActiveCfg = Release|Any CPU
		{7C41F261-09A3-D91C-7037-C5B4F01F28A8}.Release|Any CPU.Build.0 = Release|Any CPU
		{F7F8B132-AAE4-D918-6203-9970A53B9DF0}.Debug|Any CPU.ActiveCfg = Debug|Any CPU
		{F7F8B132-AAE4-D918-6203-9970A53B9DF0}.Debug|Any CPU.Build.0 = Debug|Any CPU
		{F7F8B132-AAE4-D918-6203-9970A53B9DF0}.Release|Any CPU.ActiveCfg = Release|Any CPU
		{F7F8B132-AAE4-D918-6203-9970A53B9DF0}.Release|Any CPU.Build.0 = Release|Any CPU
		{664769AE-246C-E980-5B53-74CA3789E2B4}.Debug|Any CPU.ActiveCfg = Debug|Any CPU
		{664769AE-246C-E980-5B53-74CA3789E2B4}.Debug|Any CPU.Build.0 = Debug|Any CPU
		{664769AE-246C-E980-5B53-74CA3789E2B4}.Release|Any CPU.ActiveCfg = Release|Any CPU
		{664769AE-246C-E980-5B53-74CA3789E2B4}.Release|Any CPU.Build.0 = Release|Any CPU
		{B0C0E2A6-4A2C-8EA1-6A54-46081A5793C6}.Debug|Any CPU.ActiveCfg = Debug|Any CPU
		{B0C0E2A6-4A2C-8EA1-6A54-46081A5793C6}.Debug|Any CPU.Build.0 = Debug|Any CPU
		{B0C0E2A6-4A2C-8EA1-6A54-46081A5793C6}.Release|Any CPU.ActiveCfg = Release|Any CPU
		{B0C0E2A6-4A2C-8EA1-6A54-46081A5793C6}.Release|Any CPU.Build.0 = Release|Any CPU
		{AEF7C864-5D03-5FF9-1435-311D0E9046C2}.Debug|Any CPU.ActiveCfg = Debug|Any CPU
		{AEF7C864-5D03-5FF9-1435-311D0E9046C2}.Debug|Any CPU.Build.0 = Debug|Any CPU
		{AEF7C864-5D03-5FF9-1435-311D0E9046C2}.Release|Any CPU.ActiveCfg = Release|Any CPU
		{AEF7C864-5D03-5FF9-1435-311D0E9046C2}.Release|Any CPU.Build.0 = Release|Any CPU
		{5F25FCF9-C36D-54DC-27AF-75227F9CF0A2}.Debug|Any CPU.ActiveCfg = Debug|Any CPU
		{5F25FCF9-C36D-54DC-27AF-75227F9CF0A2}.Debug|Any CPU.Build.0 = Debug|Any CPU
		{5F25FCF9-C36D-54DC-27AF-75227F9CF0A2}.Release|Any CPU.ActiveCfg = Release|Any CPU
		{5F25FCF9-C36D-54DC-27AF-75227F9CF0A2}.Release|Any CPU.Build.0 = Release|Any CPU
		{8C60F1DD-5D16-861C-82EA-B2721654E52A}.Debug|Any CPU.ActiveCfg = Debug|Any CPU
		{8C60F1DD-5D16-861C-82EA-B2721654E52A}.Debug|Any CPU.Build.0 = Debug|Any CPU
		{8C60F1DD-5D16-861C-82EA-B2721654E52A}.Release|Any CPU.ActiveCfg = Release|Any CPU
		{8C60F1DD-5D16-861C-82EA-B2721654E52A}.Release|Any CPU.Build.0 = Release|Any CPU
		{0CCA9F89-2941-00D0-20AA-5357DDA48BFD}.Debug|Any CPU.ActiveCfg = Debug|Any CPU
		{0CCA9F89-2941-00D0-20AA-5357DDA48BFD}.Debug|Any CPU.Build.0 = Debug|Any CPU
		{0CCA9F89-2941-00D0-20AA-5357DDA48BFD}.Release|Any CPU.ActiveCfg = Release|Any CPU
		{0CCA9F89-2941-00D0-20AA-5357DDA48BFD}.Release|Any CPU.Build.0 = Release|Any CPU
		{D6F2F559-372E-1CDD-A1EA-7EFE5F9A520C}.Debug|Any CPU.ActiveCfg = Debug|Any CPU
		{D6F2F559-372E-1CDD-A1EA-7EFE5F9A520C}.Debug|Any CPU.Build.0 = Debug|Any CPU
		{D6F2F559-372E-1CDD-A1EA-7EFE5F9A520C}.Release|Any CPU.ActiveCfg = Release|Any CPU
		{D6F2F559-372E-1CDD-A1EA-7EFE5F9A520C}.Release|Any CPU.Build.0 = Release|Any CPU
		{ED94845B-C337-5F5A-C481-1FA6D3F4F423}.Debug|Any CPU.ActiveCfg = Debug|Any CPU
		{ED94845B-C337-5F5A-C481-1FA6D3F4F423}.Debug|Any CPU.Build.0 = Debug|Any CPU
		{ED94845B-C337-5F5A-C481-1FA6D3F4F423}.Release|Any CPU.ActiveCfg = Release|Any CPU
		{ED94845B-C337-5F5A-C481-1FA6D3F4F423}.Release|Any CPU.Build.0 = Release|Any CPU
		{EF4511AE-73D8-096B-FF5E-46D296522B0C}.Debug|Any CPU.ActiveCfg = Debug|Any CPU
		{EF4511AE-73D8-096B-FF5E-46D296522B0C}.Debug|Any CPU.Build.0 = Debug|Any CPU
		{EF4511AE-73D8-096B-FF5E-46D296522B0C}.Release|Any CPU.ActiveCfg = Release|Any CPU
		{EF4511AE-73D8-096B-FF5E-46D296522B0C}.Release|Any CPU.Build.0 = Release|Any CPU
		{E295EB34-E048-914B-9ACA-BB48AD67186C}.Debug|Any CPU.ActiveCfg = Debug|Any CPU
		{E295EB34-E048-914B-9ACA-BB48AD67186C}.Debug|Any CPU.Build.0 = Debug|Any CPU
		{E295EB34-E048-914B-9ACA-BB48AD67186C}.Release|Any CPU.ActiveCfg = Release|Any CPU
		{E295EB34-E048-914B-9ACA-BB48AD67186C}.Release|Any CPU.Build.0 = Release|Any CPU
		{D27D01BF-A4DD-9537-5E7B-2E54145DCB33}.Debug|Any CPU.ActiveCfg = Debug|Any CPU
		{D27D01BF-A4DD-9537-5E7B-2E54145DCB33}.Debug|Any CPU.Build.0 = Debug|Any CPU
		{D27D01BF-A4DD-9537-5E7B-2E54145DCB33}.Release|Any CPU.ActiveCfg = Release|Any CPU
		{D27D01BF-A4DD-9537-5E7B-2E54145DCB33}.Release|Any CPU.Build.0 = Release|Any CPU
		{F937A6DC-CE07-B70D-213E-F24A2D8B2914}.Debug|Any CPU.ActiveCfg = Debug|Any CPU
		{F937A6DC-CE07-B70D-213E-F24A2D8B2914}.Debug|Any CPU.Build.0 = Debug|Any CPU
		{F937A6DC-CE07-B70D-213E-F24A2D8B2914}.Release|Any CPU.ActiveCfg = Release|Any CPU
		{F937A6DC-CE07-B70D-213E-F24A2D8B2914}.Release|Any CPU.Build.0 = Release|Any CPU
		{B25DAB7E-42FC-5DF0-612B-A4DD52C11E69}.Debug|Any CPU.ActiveCfg = Debug|Any CPU
		{B25DAB7E-42FC-5DF0-612B-A4DD52C11E69}.Debug|Any CPU.Build.0 = Debug|Any CPU
		{B25DAB7E-42FC-5DF0-612B-A4DD52C11E69}.Release|Any CPU.ActiveCfg = Release|Any CPU
		{B25DAB7E-42FC-5DF0-612B-A4DD52C11E69}.Release|Any CPU.Build.0 = Release|Any CPU
		{3EC2C311-8456-6AC5-80B0-F0053B70A81E}.Debug|Any CPU.ActiveCfg = Debug|Any CPU
		{3EC2C311-8456-6AC5-80B0-F0053B70A81E}.Debug|Any CPU.Build.0 = Debug|Any CPU
		{3EC2C311-8456-6AC5-80B0-F0053B70A81E}.Release|Any CPU.ActiveCfg = Release|Any CPU
		{3EC2C311-8456-6AC5-80B0-F0053B70A81E}.Release|Any CPU.Build.0 = Release|Any CPU
		{1422F90F-C89A-32BA-C5AB-6CD6E8BB528E}.Debug|Any CPU.ActiveCfg = Debug|Any CPU
		{1422F90F-C89A-32BA-C5AB-6CD6E8BB528E}.Debug|Any CPU.Build.0 = Debug|Any CPU
		{1422F90F-C89A-32BA-C5AB-6CD6E8BB528E}.Release|Any CPU.ActiveCfg = Release|Any CPU
		{1422F90F-C89A-32BA-C5AB-6CD6E8BB528E}.Release|Any CPU.Build.0 = Release|Any CPU
		{E9DBCF93-1B41-0519-B234-100B5AE4128E}.Debug|Any CPU.ActiveCfg = Debug|Any CPU
		{E9DBCF93-1B41-0519-B234-100B5AE4128E}.Debug|Any CPU.Build.0 = Debug|Any CPU
		{E9DBCF93-1B41-0519-B234-100B5AE4128E}.Release|Any CPU.ActiveCfg = Release|Any CPU
		{E9DBCF93-1B41-0519-B234-100B5AE4128E}.Release|Any CPU.Build.0 = Release|Any CPU
		{7383C51E-CD67-6A80-4BAA-3FBF7F6CAD8D}.Debug|Any CPU.ActiveCfg = Debug|Any CPU
		{7383C51E-CD67-6A80-4BAA-3FBF7F6CAD8D}.Debug|Any CPU.Build.0 = Debug|Any CPU
		{7383C51E-CD67-6A80-4BAA-3FBF7F6CAD8D}.Release|Any CPU.ActiveCfg = Release|Any CPU
		{7383C51E-CD67-6A80-4BAA-3FBF7F6CAD8D}.Release|Any CPU.Build.0 = Release|Any CPU
		{C5982321-2DF5-7730-1C3A-814FD3393670}.Debug|Any CPU.ActiveCfg = Debug|Any CPU
		{C5982321-2DF5-7730-1C3A-814FD3393670}.Debug|Any CPU.Build.0 = Debug|Any CPU
		{C5982321-2DF5-7730-1C3A-814FD3393670}.Release|Any CPU.ActiveCfg = Release|Any CPU
		{C5982321-2DF5-7730-1C3A-814FD3393670}.Release|Any CPU.Build.0 = Release|Any CPU
		{ACD48C9E-FB8E-9D2E-5515-067CA4586FA1}.Debug|Any CPU.ActiveCfg = Debug|Any CPU
		{ACD48C9E-FB8E-9D2E-5515-067CA4586FA1}.Debug|Any CPU.Build.0 = Debug|Any CPU
		{ACD48C9E-FB8E-9D2E-5515-067CA4586FA1}.Release|Any CPU.ActiveCfg = Release|Any CPU
		{ACD48C9E-FB8E-9D2E-5515-067CA4586FA1}.Release|Any CPU.Build.0 = Release|Any CPU
		{A16A8D2D-5F1C-D460-D66C-9A0523ED2FDC}.Debug|Any CPU.ActiveCfg = Debug|Any CPU
		{A16A8D2D-5F1C-D460-D66C-9A0523ED2FDC}.Debug|Any CPU.Build.0 = Debug|Any CPU
		{A16A8D2D-5F1C-D460-D66C-9A0523ED2FDC}.Release|Any CPU.ActiveCfg = Release|Any CPU
		{A16A8D2D-5F1C-D460-D66C-9A0523ED2FDC}.Release|Any CPU.Build.0 = Release|Any CPU
		{E39FF95C-D082-3A5E-4A42-62B79A72C14C}.Debug|Any CPU.ActiveCfg = Debug|Any CPU
		{E39FF95C-D082-3A5E-4A42-62B79A72C14C}.Debug|Any CPU.Build.0 = Debug|Any CPU
		{E39FF95C-D082-3A5E-4A42-62B79A72C14C}.Release|Any CPU.ActiveCfg = Release|Any CPU
		{E39FF95C-D082-3A5E-4A42-62B79A72C14C}.Release|Any CPU.Build.0 = Release|Any CPU
		{06196FCD-4B9A-D1DB-7959-F9D7EAD2E6E7}.Debug|Any CPU.ActiveCfg = Debug|Any CPU
		{06196FCD-4B9A-D1DB-7959-F9D7EAD2E6E7}.Debug|Any CPU.Build.0 = Debug|Any CPU
		{06196FCD-4B9A-D1DB-7959-F9D7EAD2E6E7}.Release|Any CPU.ActiveCfg = Release|Any CPU
		{06196FCD-4B9A-D1DB-7959-F9D7EAD2E6E7}.Release|Any CPU.Build.0 = Release|Any CPU
		{0CED0F0F-C0B2-DF96-32E3-4B21693E64CE}.Debug|Any CPU.ActiveCfg = Debug|Any CPU
		{0CED0F0F-C0B2-DF96-32E3-4B21693E64CE}.Debug|Any CPU.Build.0 = Debug|Any CPU
		{0CED0F0F-C0B2-DF96-32E3-4B21693E64CE}.Release|Any CPU.ActiveCfg = Release|Any CPU
		{0CED0F0F-C0B2-DF96-32E3-4B21693E64CE}.Release|Any CPU.Build.0 = Release|Any CPU
		{76BA9B91-7E59-A3C8-4515-17FB7D8AB1D2}.Debug|Any CPU.ActiveCfg = Debug|Any CPU
		{76BA9B91-7E59-A3C8-4515-17FB7D8AB1D2}.Debug|Any CPU.Build.0 = Debug|Any CPU
		{76BA9B91-7E59-A3C8-4515-17FB7D8AB1D2}.Release|Any CPU.ActiveCfg = Release|Any CPU
		{76BA9B91-7E59-A3C8-4515-17FB7D8AB1D2}.Release|Any CPU.Build.0 = Release|Any CPU
		{26CE4985-BCD3-D534-32D9-C4BD1097F947}.Debug|Any CPU.ActiveCfg = Debug|Any CPU
		{26CE4985-BCD3-D534-32D9-C4BD1097F947}.Debug|Any CPU.Build.0 = Debug|Any CPU
		{26CE4985-BCD3-D534-32D9-C4BD1097F947}.Release|Any CPU.ActiveCfg = Release|Any CPU
		{26CE4985-BCD3-D534-32D9-C4BD1097F947}.Release|Any CPU.Build.0 = Release|Any CPU
		{E88A0E0D-2475-4084-0EDE-3D650A47F356}.Debug|Any CPU.ActiveCfg = Debug|Any CPU
		{E88A0E0D-2475-4084-0EDE-3D650A47F356}.Debug|Any CPU.Build.0 = Debug|Any CPU
		{E88A0E0D-2475-4084-0EDE-3D650A47F356}.Release|Any CPU.ActiveCfg = Release|Any CPU
		{E88A0E0D-2475-4084-0EDE-3D650A47F356}.Release|Any CPU.Build.0 = Release|Any CPU
		{D20B9540-1229-A058-739F-4AA4CE0BB5E4}.Debug|Any CPU.ActiveCfg = Debug|Any CPU
		{D20B9540-1229-A058-739F-4AA4CE0BB5E4}.Debug|Any CPU.Build.0 = Debug|Any CPU
		{D20B9540-1229-A058-739F-4AA4CE0BB5E4}.Release|Any CPU.ActiveCfg = Release|Any CPU
		{D20B9540-1229-A058-739F-4AA4CE0BB5E4}.Release|Any CPU.Build.0 = Release|Any CPU
		{78736A25-54C9-1A6C-9FCB-3B0C763ED9C2}.Debug|Any CPU.ActiveCfg = Debug|Any CPU
		{78736A25-54C9-1A6C-9FCB-3B0C763ED9C2}.Debug|Any CPU.Build.0 = Debug|Any CPU
		{78736A25-54C9-1A6C-9FCB-3B0C763ED9C2}.Release|Any CPU.ActiveCfg = Release|Any CPU
		{78736A25-54C9-1A6C-9FCB-3B0C763ED9C2}.Release|Any CPU.Build.0 = Release|Any CPU
		{78CD39A1-805E-FC4E-FC1A-D02E976872D8}.Debug|Any CPU.ActiveCfg = Debug|Any CPU
		{78CD39A1-805E-FC4E-FC1A-D02E976872D8}.Debug|Any CPU.Build.0 = Debug|Any CPU
		{78CD39A1-805E-FC4E-FC1A-D02E976872D8}.Release|Any CPU.ActiveCfg = Release|Any CPU
		{78CD39A1-805E-FC4E-FC1A-D02E976872D8}.Release|Any CPU.Build.0 = Release|Any CPU
		{6384ED36-6603-E140-8094-E38FE1B1C4CB}.Debug|Any CPU.ActiveCfg = Debug|Any CPU
		{6384ED36-6603-E140-8094-E38FE1B1C4CB}.Debug|Any CPU.Build.0 = Debug|Any CPU
		{6384ED36-6603-E140-8094-E38FE1B1C4CB}.Release|Any CPU.ActiveCfg = Release|Any CPU
		{6384ED36-6603-E140-8094-E38FE1B1C4CB}.Release|Any CPU.Build.0 = Release|Any CPU
		{1536138C-5ED1-DE52-B0F8-812D67A21477}.Debug|Any CPU.ActiveCfg = Debug|Any CPU
		{1536138C-5ED1-DE52-B0F8-812D67A21477}.Debug|Any CPU.Build.0 = Debug|Any CPU
		{1536138C-5ED1-DE52-B0F8-812D67A21477}.Release|Any CPU.ActiveCfg = Release|Any CPU
		{1536138C-5ED1-DE52-B0F8-812D67A21477}.Release|Any CPU.Build.0 = Release|Any CPU
		{3449000C-DF57-24D6-6795-2FAFCD6FD244}.Debug|Any CPU.ActiveCfg = Debug|Any CPU
		{3449000C-DF57-24D6-6795-2FAFCD6FD244}.Debug|Any CPU.Build.0 = Debug|Any CPU
		{3449000C-DF57-24D6-6795-2FAFCD6FD244}.Release|Any CPU.ActiveCfg = Release|Any CPU
		{3449000C-DF57-24D6-6795-2FAFCD6FD244}.Release|Any CPU.Build.0 = Release|Any CPU
		{D917F724-7DC4-39F9-8385-B1D1DF01F7E2}.Debug|Any CPU.ActiveCfg = Debug|Any CPU
		{D917F724-7DC4-39F9-8385-B1D1DF01F7E2}.Debug|Any CPU.Build.0 = Debug|Any CPU
		{D917F724-7DC4-39F9-8385-B1D1DF01F7E2}.Release|Any CPU.ActiveCfg = Release|Any CPU
		{D917F724-7DC4-39F9-8385-B1D1DF01F7E2}.Release|Any CPU.Build.0 = Release|Any CPU
		{BE5F8963-91B3-02ED-0639-B8378E28DB61}.Debug|Any CPU.ActiveCfg = Debug|Any CPU
		{BE5F8963-91B3-02ED-0639-B8378E28DB61}.Debug|Any CPU.Build.0 = Debug|Any CPU
		{BE5F8963-91B3-02ED-0639-B8378E28DB61}.Release|Any CPU.ActiveCfg = Release|Any CPU
		{BE5F8963-91B3-02ED-0639-B8378E28DB61}.Release|Any CPU.Build.0 = Release|Any CPU
		{93187FA3-2B16-6A85-444F-9A5E8538D6D6}.Debug|Any CPU.ActiveCfg = Debug|Any CPU
		{93187FA3-2B16-6A85-444F-9A5E8538D6D6}.Debug|Any CPU.Build.0 = Debug|Any CPU
		{93187FA3-2B16-6A85-444F-9A5E8538D6D6}.Release|Any CPU.ActiveCfg = Release|Any CPU
		{93187FA3-2B16-6A85-444F-9A5E8538D6D6}.Release|Any CPU.Build.0 = Release|Any CPU
		{377EA788-E4A6-10BF-4F87-C82402DAD57B}.Debug|Any CPU.ActiveCfg = Debug|Any CPU
		{377EA788-E4A6-10BF-4F87-C82402DAD57B}.Debug|Any CPU.Build.0 = Debug|Any CPU
		{377EA788-E4A6-10BF-4F87-C82402DAD57B}.Release|Any CPU.ActiveCfg = Release|Any CPU
		{377EA788-E4A6-10BF-4F87-C82402DAD57B}.Release|Any CPU.Build.0 = Release|Any CPU
		{06C4C3CE-3FAD-2A7D-146C-6FAEBBD2CAA7}.Debug|Any CPU.ActiveCfg = Debug|Any CPU
		{06C4C3CE-3FAD-2A7D-146C-6FAEBBD2CAA7}.Debug|Any CPU.Build.0 = Debug|Any CPU
		{06C4C3CE-3FAD-2A7D-146C-6FAEBBD2CAA7}.Release|Any CPU.ActiveCfg = Release|Any CPU
		{06C4C3CE-3FAD-2A7D-146C-6FAEBBD2CAA7}.Release|Any CPU.Build.0 = Release|Any CPU
		{BA302382-061F-3660-359B-E27D8AF6A66E}.Debug|Any CPU.ActiveCfg = Debug|Any CPU
		{BA302382-061F-3660-359B-E27D8AF6A66E}.Debug|Any CPU.Build.0 = Debug|Any CPU
		{BA302382-061F-3660-359B-E27D8AF6A66E}.Release|Any CPU.ActiveCfg = Release|Any CPU
		{BA302382-061F-3660-359B-E27D8AF6A66E}.Release|Any CPU.Build.0 = Release|Any CPU
		{592A5B95-F07B-6068-F842-8C1DD3EF44BA}.Debug|Any CPU.ActiveCfg = Debug|Any CPU
		{592A5B95-F07B-6068-F842-8C1DD3EF44BA}.Debug|Any CPU.Build.0 = Debug|Any CPU
		{592A5B95-F07B-6068-F842-8C1DD3EF44BA}.Release|Any CPU.ActiveCfg = Release|Any CPU
		{592A5B95-F07B-6068-F842-8C1DD3EF44BA}.Release|Any CPU.Build.0 = Release|Any CPU
		{1ABD9D89-5208-2F68-5579-A481FA55F537}.Debug|Any CPU.ActiveCfg = Debug|Any CPU
		{1ABD9D89-5208-2F68-5579-A481FA55F537}.Debug|Any CPU.Build.0 = Debug|Any CPU
		{1ABD9D89-5208-2F68-5579-A481FA55F537}.Release|Any CPU.ActiveCfg = Release|Any CPU
		{1ABD9D89-5208-2F68-5579-A481FA55F537}.Release|Any CPU.Build.0 = Release|Any CPU
		{DF1E450D-89F6-3FF2-EAE3-CF3BDD351AC5}.Debug|Any CPU.ActiveCfg = Debug|Any CPU
		{DF1E450D-89F6-3FF2-EAE3-CF3BDD351AC5}.Debug|Any CPU.Build.0 = Debug|Any CPU
		{DF1E450D-89F6-3FF2-EAE3-CF3BDD351AC5}.Release|Any CPU.ActiveCfg = Release|Any CPU
		{DF1E450D-89F6-3FF2-EAE3-CF3BDD351AC5}.Release|Any CPU.Build.0 = Release|Any CPU
		{68976E3D-7F2A-7CF8-1F83-C8AEE11DD9C0}.Debug|Any CPU.ActiveCfg = Debug|Any CPU
		{68976E3D-7F2A-7CF8-1F83-C8AEE11DD9C0}.Debug|Any CPU.Build.0 = Debug|Any CPU
		{68976E3D-7F2A-7CF8-1F83-C8AEE11DD9C0}.Release|Any CPU.ActiveCfg = Release|Any CPU
		{68976E3D-7F2A-7CF8-1F83-C8AEE11DD9C0}.Release|Any CPU.Build.0 = Release|Any CPU
		{67A9F573-FF24-3083-45F6-BB8900F6F416}.Debug|Any CPU.ActiveCfg = Debug|Any CPU
		{67A9F573-FF24-3083-45F6-BB8900F6F416}.Debug|Any CPU.Build.0 = Debug|Any CPU
		{67A9F573-FF24-3083-45F6-BB8900F6F416}.Release|Any CPU.ActiveCfg = Release|Any CPU
		{67A9F573-FF24-3083-45F6-BB8900F6F416}.Release|Any CPU.Build.0 = Release|Any CPU
		{BAA1DE17-15E4-CC4D-5D86-537B81923558}.Debug|Any CPU.ActiveCfg = Debug|Any CPU
		{BAA1DE17-15E4-CC4D-5D86-537B81923558}.Debug|Any CPU.Build.0 = Debug|Any CPU
		{BAA1DE17-15E4-CC4D-5D86-537B81923558}.Release|Any CPU.ActiveCfg = Release|Any CPU
		{BAA1DE17-15E4-CC4D-5D86-537B81923558}.Release|Any CPU.Build.0 = Release|Any CPU
		{A8EC3202-3E20-FACA-3B14-998FA805D22C}.Debug|Any CPU.ActiveCfg = Debug|Any CPU
		{A8EC3202-3E20-FACA-3B14-998FA805D22C}.Debug|Any CPU.Build.0 = Debug|Any CPU
		{A8EC3202-3E20-FACA-3B14-998FA805D22C}.Release|Any CPU.ActiveCfg = Release|Any CPU
		{A8EC3202-3E20-FACA-3B14-998FA805D22C}.Release|Any CPU.Build.0 = Release|Any CPU
		{032AC796-E81A-DBD8-8E31-15B9E05D389B}.Debug|Any CPU.ActiveCfg = Debug|Any CPU
		{032AC796-E81A-DBD8-8E31-15B9E05D389B}.Debug|Any CPU.Build.0 = Debug|Any CPU
		{032AC796-E81A-DBD8-8E31-15B9E05D389B}.Release|Any CPU.ActiveCfg = Release|Any CPU
		{032AC796-E81A-DBD8-8E31-15B9E05D389B}.Release|Any CPU.Build.0 = Release|Any CPU
		{4F7233AB-4A14-D3B8-374F-E4D736E23691}.Debug|Any CPU.ActiveCfg = Debug|Any CPU
		{4F7233AB-4A14-D3B8-374F-E4D736E23691}.Debug|Any CPU.Build.0 = Debug|Any CPU
		{4F7233AB-4A14-D3B8-374F-E4D736E23691}.Release|Any CPU.ActiveCfg = Release|Any CPU
		{4F7233AB-4A14-D3B8-374F-E4D736E23691}.Release|Any CPU.Build.0 = Release|Any CPU
		{DCAFB056-E55D-1908-FACA-9FB6B0145B7C}.Debug|Any CPU.ActiveCfg = Debug|Any CPU
		{DCAFB056-E55D-1908-FACA-9FB6B0145B7C}.Debug|Any CPU.Build.0 = Debug|Any CPU
		{DCAFB056-E55D-1908-FACA-9FB6B0145B7C}.Release|Any CPU.ActiveCfg = Release|Any CPU
		{DCAFB056-E55D-1908-FACA-9FB6B0145B7C}.Release|Any CPU.Build.0 = Release|Any CPU
		{8375D66D-581C-F080-763C-154BB09D7F92}.Debug|Any CPU.ActiveCfg = Debug|Any CPU
		{8375D66D-581C-F080-763C-154BB09D7F92}.Debug|Any CPU.Build.0 = Debug|Any CPU
		{8375D66D-581C-F080-763C-154BB09D7F92}.Release|Any CPU.ActiveCfg = Release|Any CPU
		{8375D66D-581C-F080-763C-154BB09D7F92}.Release|Any CPU.Build.0 = Release|Any CPU
		{0F233255-C380-29C9-2967-934454278F68}.Debug|Any CPU.ActiveCfg = Debug|Any CPU
		{0F233255-C380-29C9-2967-934454278F68}.Debug|Any CPU.Build.0 = Debug|Any CPU
		{0F233255-C380-29C9-2967-934454278F68}.Release|Any CPU.ActiveCfg = Release|Any CPU
		{0F233255-C380-29C9-2967-934454278F68}.Release|Any CPU.Build.0 = Release|Any CPU
		{CFBE0C03-B1A1-0907-E0FD-EFDCEF7D5E84}.Debug|Any CPU.ActiveCfg = Debug|Any CPU
		{CFBE0C03-B1A1-0907-E0FD-EFDCEF7D5E84}.Debug|Any CPU.Build.0 = Debug|Any CPU
		{CFBE0C03-B1A1-0907-E0FD-EFDCEF7D5E84}.Release|Any CPU.ActiveCfg = Release|Any CPU
		{CFBE0C03-B1A1-0907-E0FD-EFDCEF7D5E84}.Release|Any CPU.Build.0 = Release|Any CPU
		{B75F6121-C6B5-5289-BC81-C33320D3CB91}.Debug|Any CPU.ActiveCfg = Debug|Any CPU
		{B75F6121-C6B5-5289-BC81-C33320D3CB91}.Debug|Any CPU.Build.0 = Debug|Any CPU
		{B75F6121-C6B5-5289-BC81-C33320D3CB91}.Release|Any CPU.ActiveCfg = Release|Any CPU
		{B75F6121-C6B5-5289-BC81-C33320D3CB91}.Release|Any CPU.Build.0 = Release|Any CPU
		{D96E159F-8ECE-A65A-EDE8-BACA6F739559}.Debug|Any CPU.ActiveCfg = Debug|Any CPU
		{D96E159F-8ECE-A65A-EDE8-BACA6F739559}.Debug|Any CPU.Build.0 = Debug|Any CPU
		{D96E159F-8ECE-A65A-EDE8-BACA6F739559}.Release|Any CPU.ActiveCfg = Release|Any CPU
		{D96E159F-8ECE-A65A-EDE8-BACA6F739559}.Release|Any CPU.Build.0 = Release|Any CPU
		{524EE938-5C8F-D14A-EE57-D65D3B170F08}.Debug|Any CPU.ActiveCfg = Debug|Any CPU
		{524EE938-5C8F-D14A-EE57-D65D3B170F08}.Debug|Any CPU.Build.0 = Debug|Any CPU
		{524EE938-5C8F-D14A-EE57-D65D3B170F08}.Release|Any CPU.ActiveCfg = Release|Any CPU
		{524EE938-5C8F-D14A-EE57-D65D3B170F08}.Release|Any CPU.Build.0 = Release|Any CPU
		{20B5D78D-4B04-2F05-6B08-71ABA47A98A4}.Debug|Any CPU.ActiveCfg = Debug|Any CPU
		{20B5D78D-4B04-2F05-6B08-71ABA47A98A4}.Debug|Any CPU.Build.0 = Debug|Any CPU
		{20B5D78D-4B04-2F05-6B08-71ABA47A98A4}.Release|Any CPU.ActiveCfg = Release|Any CPU
		{20B5D78D-4B04-2F05-6B08-71ABA47A98A4}.Release|Any CPU.Build.0 = Release|Any CPU
		{32148ACB-C005-3359-CF22-4D5CD2EF6813}.Debug|Any CPU.ActiveCfg = Debug|Any CPU
		{32148ACB-C005-3359-CF22-4D5CD2EF6813}.Debug|Any CPU.Build.0 = Debug|Any CPU
		{32148ACB-C005-3359-CF22-4D5CD2EF6813}.Release|Any CPU.ActiveCfg = Release|Any CPU
		{32148ACB-C005-3359-CF22-4D5CD2EF6813}.Release|Any CPU.Build.0 = Release|Any CPU
		{EDF0555B-195B-23A5-7C28-3529486010DF}.Debug|Any CPU.ActiveCfg = Debug|Any CPU
		{EDF0555B-195B-23A5-7C28-3529486010DF}.Debug|Any CPU.Build.0 = Debug|Any CPU
		{EDF0555B-195B-23A5-7C28-3529486010DF}.Release|Any CPU.ActiveCfg = Release|Any CPU
		{EDF0555B-195B-23A5-7C28-3529486010DF}.Release|Any CPU.Build.0 = Release|Any CPU
		{0D602983-FE3F-B79C-50C9-96741CFEEC03}.Debug|Any CPU.ActiveCfg = Debug|Any CPU
		{0D602983-FE3F-B79C-50C9-96741CFEEC03}.Debug|Any CPU.Build.0 = Debug|Any CPU
		{0D602983-FE3F-B79C-50C9-96741CFEEC03}.Release|Any CPU.ActiveCfg = Release|Any CPU
		{0D602983-FE3F-B79C-50C9-96741CFEEC03}.Release|Any CPU.Build.0 = Release|Any CPU
		{03EBF508-0CC2-D9DF-0C1E-6D0448D78FD8}.Debug|Any CPU.ActiveCfg = Debug|Any CPU
		{03EBF508-0CC2-D9DF-0C1E-6D0448D78FD8}.Debug|Any CPU.Build.0 = Debug|Any CPU
		{03EBF508-0CC2-D9DF-0C1E-6D0448D78FD8}.Release|Any CPU.ActiveCfg = Release|Any CPU
		{03EBF508-0CC2-D9DF-0C1E-6D0448D78FD8}.Release|Any CPU.Build.0 = Release|Any CPU
		{0B2B0676-0118-A147-373C-813CFA7B1655}.Debug|Any CPU.ActiveCfg = Debug|Any CPU
		{0B2B0676-0118-A147-373C-813CFA7B1655}.Debug|Any CPU.Build.0 = Debug|Any CPU
		{0B2B0676-0118-A147-373C-813CFA7B1655}.Release|Any CPU.ActiveCfg = Release|Any CPU
		{0B2B0676-0118-A147-373C-813CFA7B1655}.Release|Any CPU.Build.0 = Release|Any CPU
		{BE2D9E54-9564-E79E-AF32-81597DEB74A8}.Debug|Any CPU.ActiveCfg = Debug|Any CPU
		{BE2D9E54-9564-E79E-AF32-81597DEB74A8}.Debug|Any CPU.Build.0 = Debug|Any CPU
		{BE2D9E54-9564-E79E-AF32-81597DEB74A8}.Release|Any CPU.ActiveCfg = Release|Any CPU
		{BE2D9E54-9564-E79E-AF32-81597DEB74A8}.Release|Any CPU.Build.0 = Release|Any CPU
		{C573372B-0DEF-30A2-6AFA-479648A3A042}.Debug|Any CPU.ActiveCfg = Debug|Any CPU
		{C573372B-0DEF-30A2-6AFA-479648A3A042}.Debug|Any CPU.Build.0 = Debug|Any CPU
		{C573372B-0DEF-30A2-6AFA-479648A3A042}.Release|Any CPU.ActiveCfg = Release|Any CPU
		{C573372B-0DEF-30A2-6AFA-479648A3A042}.Release|Any CPU.Build.0 = Release|Any CPU
		{8083050A-9805-3958-276E-8937047C284B}.Debug|Any CPU.ActiveCfg = Debug|Any CPU
		{8083050A-9805-3958-276E-8937047C284B}.Debug|Any CPU.Build.0 = Debug|Any CPU
		{8083050A-9805-3958-276E-8937047C284B}.Release|Any CPU.ActiveCfg = Release|Any CPU
		{8083050A-9805-3958-276E-8937047C284B}.Release|Any CPU.Build.0 = Release|Any CPU
		{D3420A9F-CCA2-8ACB-A56B-66AC918441FC}.Debug|Any CPU.ActiveCfg = Debug|Any CPU
		{D3420A9F-CCA2-8ACB-A56B-66AC918441FC}.Debug|Any CPU.Build.0 = Debug|Any CPU
		{D3420A9F-CCA2-8ACB-A56B-66AC918441FC}.Release|Any CPU.ActiveCfg = Release|Any CPU
		{D3420A9F-CCA2-8ACB-A56B-66AC918441FC}.Release|Any CPU.Build.0 = Release|Any CPU
		{BF4EA4D6-EA92-49F6-5C54-5A50DF4D21B1}.Debug|Any CPU.ActiveCfg = Debug|Any CPU
		{BF4EA4D6-EA92-49F6-5C54-5A50DF4D21B1}.Debug|Any CPU.Build.0 = Debug|Any CPU
		{BF4EA4D6-EA92-49F6-5C54-5A50DF4D21B1}.Release|Any CPU.ActiveCfg = Release|Any CPU
		{BF4EA4D6-EA92-49F6-5C54-5A50DF4D21B1}.Release|Any CPU.Build.0 = Release|Any CPU
		{7E3AFE51-E3A0-133E-804A-27461B878AA1}.Debug|Any CPU.ActiveCfg = Debug|Any CPU
		{7E3AFE51-E3A0-133E-804A-27461B878AA1}.Debug|Any CPU.Build.0 = Debug|Any CPU
		{7E3AFE51-E3A0-133E-804A-27461B878AA1}.Release|Any CPU.ActiveCfg = Release|Any CPU
		{7E3AFE51-E3A0-133E-804A-27461B878AA1}.Release|Any CPU.Build.0 = Release|Any CPU
		{09964C09-76B7-8ACF-8D99-598139DC2D07}.Debug|Any CPU.ActiveCfg = Debug|Any CPU
		{09964C09-76B7-8ACF-8D99-598139DC2D07}.Debug|Any CPU.Build.0 = Debug|Any CPU
		{09964C09-76B7-8ACF-8D99-598139DC2D07}.Release|Any CPU.ActiveCfg = Release|Any CPU
		{09964C09-76B7-8ACF-8D99-598139DC2D07}.Release|Any CPU.Build.0 = Release|Any CPU
		{CC52E647-F45E-751A-87BA-B5AD35F053B8}.Debug|Any CPU.ActiveCfg = Debug|Any CPU
		{CC52E647-F45E-751A-87BA-B5AD35F053B8}.Debug|Any CPU.Build.0 = Debug|Any CPU
		{CC52E647-F45E-751A-87BA-B5AD35F053B8}.Release|Any CPU.ActiveCfg = Release|Any CPU
		{CC52E647-F45E-751A-87BA-B5AD35F053B8}.Release|Any CPU.Build.0 = Release|Any CPU
	EndGlobalSection
	GlobalSection(SolutionProperties) = preSolution
		HideSolutionNode = FALSE
	EndGlobalSection
EndGlobal
